
Microsoft Visual Studio Solution File, Format Version 12.00
# Visual Studio 15
Project("{FAE04EC0-301F-11D3-BF4B-00C04F79EFBC}") = "Hunt Gallery AR", "Hunt Gallery AR.csproj", "{7B05DAB2-D711-4E75-5CDF-D6DDF0228B81}"
EndProject
Project("{FAE04EC0-301F-11D3-BF4B-00C04F79EFBC}") = "Hunt Gallery AR.Editor", "Hunt Gallery AR.Editor.csproj", "{A59497AD-D282-A54C-4650-E3FF31480403}"
EndProject
Global
	GlobalSection(SolutionConfigurationPlatforms) = preSolution
		Debug|Any CPU = Debug|Any CPU
		Release|Any CPU = Release|Any CPU
	EndGlobalSection
	GlobalSection(ProjectConfigurationPlatforms) = postSolution
		{7B05DAB2-D711-4E75-5CDF-D6DDF0228B81}.Debug|Any CPU.ActiveCfg = Debug|Any CPU
		{7B05DAB2-D711-4E75-5CDF-D6DDF0228B81}.Debug|Any CPU.Build.0 = Debug|Any CPU
		{7B05DAB2-D711-4E75-5CDF-D6DDF0228B81}.Release|Any CPU.ActiveCfg = Release|Any CPU
		{7B05DAB2-D711-4E75-5CDF-D6DDF0228B81}.Release|Any CPU.Build.0 = Release|Any CPU
		{A59497AD-D282-A54C-4650-E3FF31480403}.Debug|Any CPU.ActiveCfg = Debug|Any CPU
		{A59497AD-D282-A54C-4650-E3FF31480403}.Debug|Any CPU.Build.0 = Debug|Any CPU
		{A59497AD-D282-A54C-4650-E3FF31480403}.Release|Any CPU.ActiveCfg = Release|Any CPU
		{A59497AD-D282-A54C-4650-E3FF31480403}.Release|Any CPU.Build.0 = Release|Any CPU
	EndGlobalSection
	GlobalSection(SolutionProperties) = preSolution
		HideSolutionNode = FALSE
	EndGlobalSection
EndGlobal
